
Microsoft Visual Studio Solution File, Format Version 12.00
# Visual Studio Version 17
VisualStudioVersion = 17.7.34024.191
MinimumVisualStudioVersion = 10.0.40219.1
Project("{8BC9CEB8-8B4A-11D0-8D11-00A0C91BC942}") = "数据结构11", "数据结构11.vcxproj", "{1B6D0950-BCB5-4192-84CC-DF039C1180C2}"
EndProject
Global
	GlobalSection(SolutionConfigurationPlatforms) = preSolution
		Debug|x64 = Debug|x64
		Debug|x86 = Debug|x86
		Release|x64 = Release|x64
		Release|x86 = Release|x86
	EndGlobalSection
	GlobalSection(ProjectConfigurationPlatforms) = postSolution
		{1B6D0950-BCB5-4192-84CC-DF039C1180C2}.Debug|x64.ActiveCfg = Debug|x64
		{1B6D0950-BCB5-4192-84CC-DF039C1180C2}.Debug|x64.Build.0 = Debug|x64
		{1B6D0950-BCB5-4192-84CC-DF039C1180C2}.Debug|x86.ActiveCfg = Debug|Win32
		{1B6D0950-BCB5-4192-84CC-DF039C1180C2}.Debug|x86.Build.0 = Debug|Win32
		{1B6D0950-BCB5-4192-84CC-DF039C1180C2}.Release|x64.ActiveCfg = Release|x64
		{1B6D0950-BCB5-4192-84CC-DF039C1180C2}.Release|x64.Build.0 = Release|x64
		{1B6D0950-BCB5-4192-84CC-DF039C1180C2}.Release|x86.ActiveCfg = Release|Win32
		{1B6D0950-BCB5-4192-84CC-DF039C1180C2}.Release|x86.Build.0 = Release|Win32
	EndGlobalSection
	GlobalSection(SolutionProperties) = preSolution
		HideSolutionNode = FALSE
	EndGlobalSection
	GlobalSection(ExtensibilityGlobals) = postSolution
		SolutionGuid = {D4321C95-4205-4D5E-8183-2E260203711E}
	EndGlobalSection
EndGlobal
